
Microsoft Visual Studio Solution File, Format Version 12.00
# Visual Studio Version 17
VisualStudioVersion = 17.11.35222.181
MinimumVisualStudioVersion = 10.0.40219.1
Project("{FAE04EC0-301F-11D3-BF4B-00C04F79EFBC}") = "FirstProject", "FirstProject\FirstProject.csproj", "{B12DDE34-42B2-407A-AD3D-CB0F4D9DBC01}"
EndProject
Project("{FAE04EC0-301F-11D3-BF4B-00C04F79EFBC}") = "SecondProject", "SecondProject\SecondProject.csproj", "{ECF667D0-CF64-4577-A093-3AC9D7068A2B}"
EndProject
Global
	GlobalSection(SolutionConfigurationPlatforms) = preSolution
		Debug|Any CPU = Debug|Any CPU
		Release|Any CPU = Release|Any CPU
	EndGlobalSection
	GlobalSection(ProjectConfigurationPlatforms) = postSolution
		{B12DDE34-42B2-407A-AD3D-CB0F4D9DBC01}.Debug|Any CPU.ActiveCfg = Debug|Any CPU
		{B12DDE34-42B2-407A-AD3D-CB0F4D9DBC01}.Debug|Any CPU.Build.0 = Debug|Any CPU
		{B12DDE34-42B2-407A-AD3D-CB0F4D9DBC01}.Release|Any CPU.ActiveCfg = Release|Any CPU
		{B12DDE34-42B2-407A-AD3D-CB0F4D9DBC01}.Release|Any CPU.Build.0 = Release|Any CPU
		{ECF667D0-CF64-4577-A093-3AC9D7068A2B}.Debug|Any CPU.ActiveCfg = Debug|Any CPU
		{ECF667D0-CF64-4577-A093-3AC9D7068A2B}.Debug|Any CPU.Build.0 = Debug|Any CPU
		{ECF667D0-CF64-4577-A093-3AC9D7068A2B}.Release|Any CPU.ActiveCfg = Release|Any CPU
		{ECF667D0-CF64-4577-A093-3AC9D7068A2B}.Release|Any CPU.Build.0 = Release|Any CPU
	EndGlobalSection
	GlobalSection(SolutionProperties) = preSolution
		HideSolutionNode = FALSE
	EndGlobalSection
	GlobalSection(ExtensibilityGlobals) = postSolution
		SolutionGuid = {0B2EB9EF-7165-4A4C-BD7B-A857BEF2A440}
	EndGlobalSection
EndGlobal
